<?xml version="1.0" encoding="utf-8"?>
<Project ToolsVersion="4.0" xmlns="http://schemas.microsoft.com/developer/msbuild/2003">
  <ItemGroup>
    <Filter Include="Source Files">
      <UniqueIdentifier>{4FC737F1-C7A5-4376-A066-2A32D752A2FF}</UniqueIdentifier>
      <Extensions>cpp;c;cc;cxx;def;odl;idl;hpj;bat;asm;asmx</Extensions>
    </Filter>
    <Filter Include="Header Files">
      <UniqueIdentifier>{93995380-89BD-4b04-88EB-625FBE52EBFB}</UniqueIdentifier>
      <Extensions>h;hh;hpp;hxx;hm;inl;inc;xsd</Extensions>
    </Filter>
    <Filter Include="Resource Files">
      <UniqueIdentifier>{67DA6AB6-F800-4c08-8B7A-83BB121AAD01}</UniqueIdentifier>
      <Extensions>rc;ico;cur;bmp;dlg;rc2;rct;bin;rgs;gif;jpg;jpeg;jpe;resx;tiff;tif;png;wav;mfcribbon-ms</Extensions>
    </Filter>
    <Filter Include="Resource Files\Shaders">
      <UniqueIdentifier>{0cc276a9-e00f-4f20-b1b1-a67241f6b8e9}</UniqueIdentifier>
    </Filter>
    <Filter Include="Resource Files\Images">
      <UniqueIdentifier>{4c507c56-4d90-46b8-842e-1a7865201fbd}</UniqueIdentifier>
    </Filter>
    <Filter Include="Resource Files\Models">
      <UniqueIdentifier>{955d344d-c332-4044-b838-c972e99755eb}</UniqueIdentifier>
    </Filter>
    <Filter Include="Resource Files\Images\skybox">
      <UniqueIdentifier>{587697d5-5843-48ac-acae-e513c36186e8}</UniqueIdentifier>
    </Filter>
    <Filter Include="Resource Files\Models\nanosuit">
      <UniqueIdentifier>{7617af6c-d72e-4737-9892-3616675706cc}</UniqueIdentifier>
    </Filter>
  </ItemGroup>
  <ItemGroup>
    <ClCompile Include="main.cpp">
      <Filter>Source Files</Filter>
    </ClCompile>
    <ClCompile Include="..\..\..\libraries\glad.c">
      <Filter>Source Files</Filter>
    </ClCompile>
    <ClCompile Include="stb_image.cpp">
      <Filter>Source Files</Filter>
    </ClCompile>
  </ItemGroup>
  <ItemGroup>
    <ClInclude Include="Shader.h">
      <Filter>Header Files</Filter>
    </ClInclude>
    <ClInclude Include="stb_image.h">
      <Filter>Header Files</Filter>
    </ClInclude>
    <ClInclude Include="Camera.h">
      <Filter>Header Files</Filter>
    </ClInclude>
    <ClInclude Include="Mesh.h">
      <Filter>Header Files</Filter>
    </ClInclude>
    <ClInclude Include="Model.h">
      <Filter>Header Files</Filter>
    </ClInclude>
  </ItemGroup>
  <ItemGroup>
    <None Include="res\shaders\shader.fs">
      <Filter>Resource Files\Shaders</Filter>
    </None>
    <None Include="res\shaders\shader.vs">
      <Filter>Resource Files\Shaders</Filter>
    </None>
    <None Include="res\shaders\light.fs">
      <Filter>Resource Files\Shaders</Filter>
    </None>
    <None Include="res\shaders\light.vs">
      <Filter>Resource Files\Shaders</Filter>
    </None>
    <None Include="res\shaders\model.fs">
      <Filter>Resource Files\Shaders</Filter>
    </None>
    <None Include="res\shaders\model.vs">
      <Filter>Resource Files\Shaders</Filter>
    </None>
    <None Include="res\images\wall.jpg">
      <Filter>Resource Files\Images</Filter>
    </None>
    <None Include="res\images\container2_specular.png">
      <Filter>Resource Files\Images</Filter>
    </None>
    <None Include="res\images\container2.png">
      <Filter>Resource Files\Images</Filter>
    </None>
    <None Include="res\images\container.jpg">
      <Filter>Resource Files\Images</Filter>
    </None>
    <None Include="res\images\awesomeface.png">
      <Filter>Resource Files\Images</Filter>
    </None>
    <None Include="res\shaders\singleColor.fs">
      <Filter>Resource Files\Shaders</Filter>
    </None>
    <None Include="res\shaders\quad.vs">
      <Filter>Resource Files\Shaders</Filter>
    </None>
    <None Include="res\shaders\quad.fs">
      <Filter>Resource Files\Shaders</Filter>
    </None>
    <None Include="res\shaders\cubemap.fs">
      <Filter>Resource Files\Shaders</Filter>
    </None>
    <None Include="res\shaders\cubemap.vs">
      <Filter>Resource Files\Shaders</Filter>
    </None>
    <None Include="res\shaders\reflect.fs">
      <Filter>Resource Files\Shaders</Filter>
    </None>
    <None Include="res\shaders\reflect.vs">
      <Filter>Resource Files\Shaders</Filter>
    </None>
    <None Include="res\shaders\basic.vs">
      <Filter>Resource Files\Shaders</Filter>
    </None>
    <None Include="res\shaders\basic.fs">
      <Filter>Resource Files\Shaders</Filter>
    </None>
    <None Include="res\models\nanosuit\nanosuit.blend">
      <Filter>Resource Files\Models\nanosuit</Filter>
    </None>
    <None Include="res\models\nanosuit\nanosuit.mtl">
      <Filter>Resource Files\Models\nanosuit</Filter>
    </None>
    <None Include="res\models\nanosuit\nanosuit.obj">
      <Filter>Resource Files\Models\nanosuit</Filter>
    </None>
    <None Include="res\shaders\model.gs">
      <Filter>Resource Files\Shaders</Filter>
    </None>
    <None Include="res\shaders\normal.gs">
      <Filter>Resource Files\Shaders</Filter>
    </None>
  </ItemGroup>
  <ItemGroup>
    <Image Include="res\images\grass.png">
      <Filter>Resource Files\Images</Filter>
    </Image>
    <Image Include="res\images\blending_transparent_window.png">
      <Filter>Resource Files\Images</Filter>
    </Image>
    <Image Include="res\images\skybox\back.jpg">
      <Filter>Resource Files\Images\skybox</Filter>
    </Image>
    <Image Include="res\images\skybox\bottom.jpg">
      <Filter>Resource Files\Images\skybox</Filter>
    </Image>
    <Image Include="res\images\skybox\front.jpg">
      <Filter>Resource Files\Images\skybox</Filter>
    </Image>
    <Image Include="res\images\skybox\left.jpg">
      <Filter>Resource Files\Images\skybox</Filter>
    </Image>
    <Image Include="res\images\skybox\right.jpg">
      <Filter>Resource Files\Images\skybox</Filter>
    </Image>
    <Image Include="res\images\skybox\top.jpg">
      <Filter>Resource Files\Images\skybox</Filter>
    </Image>
    <Image Include="res\models\nanosuit\body_showroom_refl.png">
      <Filter>Resource Files\Models\nanosuit</Filter>
    </Image>
    <Image Include="res\models\nanosuit\body_showroom_spec.png">
      <Filter>Resource Files\Models\nanosuit</Filter>
    </Image>
    <Image Include="res\models\nanosuit\glass_ddn.png">
      <Filter>Resource Files\Models\nanosuit</Filter>
    </Image>
    <Image Include="res\models\nanosuit\glass_dif.png">
      <Filter>Resource Files\Models\nanosuit</Filter>
    </Image>
    <Image Include="res\models\nanosuit\glass_refl.png">
      <Filter>Resource Files\Models\nanosuit</Filter>
    </Image>
    <Image Include="res\models\nanosuit\hand_dif.png">
      <Filter>Resource Files\Models\nanosuit</Filter>
    </Image>
    <Image Include="res\models\nanosuit\hand_showroom_ddn.png">
      <Filter>Resource Files\Models\nanosuit</Filter>
    </Image>
    <Image Include="res\models\nanosuit\hand_showroom_refl.png">
      <Filter>Resource Files\Models\nanosuit</Filter>
    </Image>
    <Image Include="res\models\nanosuit\hand_showroom_spec.png">
      <Filter>Resource Files\Models\nanosuit</Filter>
    </Image>
    <Image Include="res\models\nanosuit\helmet_diff.png">
      <Filter>Resource Files\Models\nanosuit</Filter>
    </Image>
    <Image Include="res\models\nanosuit\helmet_showroom_ddn.png">
      <Filter>Resource Files\Models\nanosuit</Filter>
    </Image>
    <Image Include="res\models\nanosuit\helmet_showroom_refl.png">
      <Filter>Resource Files\Models\nanosuit</Filter>
    </Image>
    <Image Include="res\models\nanosuit\helmet_showroom_spec.png">
      <Filter>Resource Files\Models\nanosuit</Filter>
    </Image>
    <Image Include="res\models\nanosuit\leg_dif.png">
      <Filter>Resource Files\Models\nanosuit</Filter>
    </Image>
    <Image Include="res\models\nanosuit\leg_showroom_ddn.png">
      <Filter>Resource Files\Models\nanosuit</Filter>
    </Image>
    <Image Include="res\models\nanosuit\leg_showroom_refl.png">
      <Filter>Resource Files\Models\nanosuit</Filter>
    </Image>
    <Image Include="res\models\nanosuit\leg_showroom_spec.png">
      <Filter>Resource Files\Models\nanosuit</Filter>
    </Image>
    <Image Include="res\models\nanosuit\arm_dif.png">
      <Filter>Resource Files\Models\nanosuit</Filter>
    </Image>
    <Image Include="res\models\nanosuit\arm_showroom_ddn.png">
      <Filter>Resource Files\Models\nanosuit</Filter>
    </Image>
    <Image Include="res\models\nanosuit\arm_showroom_refl.png">
      <Filter>Resource Files\Models\nanosuit</Filter>
    </Image>
    <Image Include="res\models\nanosuit\arm_showroom_spec.png">
      <Filter>Resource Files\Models\nanosuit</Filter>
    </Image>
    <Image Include="res\models\nanosuit\body_dif.png">
      <Filter>Resource Files\Models\nanosuit</Filter>
    </Image>
    <Image Include="res\models\nanosuit\body_showroom_ddn.png">
      <Filter>Resource Files\Models\nanosuit</Filter>
    </Image>
  </ItemGroup>
  <ItemGroup>
    <Text Include="res\models\nanosuit\LICENSE.txt">
      <Filter>Resource Files\Models\nanosuit</Filter>
    </Text>
  </ItemGroup>
</Project>